// !$*UTF8*$!
{
	archiveVersion = 1;
	classes = {
	};
	objectVersion = 60;
	objects = {

/* Begin PBXBuildFile section */
		001000000000000000000001 /* PickleTourLiveApp.swift in Sources */ = {isa = PBXBuildFile; fileRef = 002000000000000000000001 /* PickleTourLiveApp.swift */; };
		001000000000000000000002 /* LiveModels.swift in Sources */ = {isa = PBXBuildFile; fileRef = 002000000000000000000002 /* LiveModels.swift */; };
		001000000000000000000003 /* LiveAppAPI.swift in Sources */ = {isa = PBXBuildFile; fileRef = 002000000000000000000003 /* LiveAppAPI.swift */; };
		001000000000000000000004 /* LiveSockets.swift in Sources */ = {isa = PBXBuildFile; fileRef = 002000000000000000000004 /* LiveSockets.swift */; };
		001000000000000000000005 /* LiveStreamingService.swift in Sources */ = {isa = PBXBuildFile; fileRef = 002000000000000000000005 /* LiveStreamingService.swift */; };
		001000000000000000000006 /* LiveAppStore.swift in Sources */ = {isa = PBXBuildFile; fileRef = 002000000000000000000006 /* LiveAppStore.swift */; };
		001000000000000000000007 /* LiveAppRootView.swift in Sources */ = {isa = PBXBuildFile; fileRef = 002000000000000000000007 /* LiveAppRootView.swift */; };
		001000000000000000000008 /* Assets.xcassets in Resources */ = {isa = PBXBuildFile; fileRef = 002000000000000000000008 /* Assets.xcassets */; };
		001000000000000000000009 /* PrivacyInfo.xcprivacy in Resources */ = {isa = PBXBuildFile; fileRef = 00200000000000000000000B /* PrivacyInfo.xcprivacy */; };
		00100000000000000000000A /* MatchLiveActivityAttributes.swift in Sources */ = {isa = PBXBuildFile; fileRef = 00200000000000000000000C /* MatchLiveActivityAttributes.swift */; };
		00100000000000000000000B /* PickleTourLiveActivity.appex in Embed App Extensions */ = {isa = PBXBuildFile; fileRef = 00200000000000000000000D /* PickleTourLiveActivity.appex */; settings = {ATTRIBUTES = (RemoveHeadersOnCopy, ); }; };
		00100000000000000000000C /* MatchLiveActivityAttributes.swift in Sources */ = {isa = PBXBuildFile; fileRef = 00200000000000000000000C /* MatchLiveActivityAttributes.swift */; };
		00100000000000000000000D /* PickleTourLiveActivityBundle.swift in Sources */ = {isa = PBXBuildFile; fileRef = 00200000000000000000000E /* PickleTourLiveActivityBundle.swift */; };
		00100000000000000000000E /* FirebaseBootstrapper.m in Sources */ = {isa = PBXBuildFile; fileRef = 002000000000000000000011 /* FirebaseBootstrapper.m */; };
		8DF893355118019665FA940E /* Pods_PickleTourLive.framework in Frameworks */ = {isa = PBXBuildFile; fileRef = 89A6BCA0D87D3AE6B5484D16 /* Pods_PickleTourLive.framework */; };
/* End PBXBuildFile section */

/* Begin PBXContainerItemProxy section */
		00E000000000000000000001 /* PBXContainerItemProxy */ = {
			isa = PBXContainerItemProxy;
			containerPortal = 009000000000000000000001 /* Project object */;
			proxyType = 1;
			remoteGlobalIDString = 005000000000000000000002;
			remoteInfo = PickleTourLiveActivity;
		};
/* End PBXContainerItemProxy section */

/* Begin PBXCopyFilesBuildPhase section */
		00D000000000000000000001 /* Embed App Extensions */ = {
			isa = PBXCopyFilesBuildPhase;
			buildActionMask = 2147483647;
			dstPath = "";
			dstSubfolderSpec = 13;
			files = (
				00100000000000000000000B /* PickleTourLiveActivity.appex in Embed App Extensions */,
			);
			name = "Embed App Extensions";
			runOnlyForDeploymentPostprocessing = 0;
		};
/* End PBXCopyFilesBuildPhase section */

/* Begin PBXFileReference section */
		002000000000000000000000 /* PickleTourLive.app */ = {isa = PBXFileReference; explicitFileType = wrapper.application; includeInIndex = 0; path = PickleTourLive.app; sourceTree = BUILT_PRODUCTS_DIR; };
		002000000000000000000001 /* PickleTourLiveApp.swift */ = {isa = PBXFileReference; lastKnownFileType = sourcecode.swift; path = PickleTourLiveApp.swift; sourceTree = "<group>"; };
		002000000000000000000002 /* LiveModels.swift */ = {isa = PBXFileReference; lastKnownFileType = sourcecode.swift; path = LiveModels.swift; sourceTree = "<group>"; };
		002000000000000000000003 /* LiveAppAPI.swift */ = {isa = PBXFileReference; lastKnownFileType = sourcecode.swift; path = LiveAppAPI.swift; sourceTree = "<group>"; };
		002000000000000000000004 /* LiveSockets.swift */ = {isa = PBXFileReference; lastKnownFileType = sourcecode.swift; path = LiveSockets.swift; sourceTree = "<group>"; };
		002000000000000000000005 /* LiveStreamingService.swift */ = {isa = PBXFileReference; lastKnownFileType = sourcecode.swift; path = LiveStreamingService.swift; sourceTree = "<group>"; };
		002000000000000000000006 /* LiveAppStore.swift */ = {isa = PBXFileReference; lastKnownFileType = sourcecode.swift; path = LiveAppStore.swift; sourceTree = "<group>"; };
		002000000000000000000007 /* LiveAppRootView.swift */ = {isa = PBXFileReference; lastKnownFileType = sourcecode.swift; path = LiveAppRootView.swift; sourceTree = "<group>"; };
		002000000000000000000008 /* Assets.xcassets */ = {isa = PBXFileReference; lastKnownFileType = folder.assetcatalog; path = Assets.xcassets; sourceTree = "<group>"; };
		002000000000000000000009 /* Info.plist */ = {isa = PBXFileReference; lastKnownFileType = text.plist.xml; path = Info.plist; sourceTree = "<group>"; };
		00200000000000000000000A /* PickleTourLive.entitlements */ = {isa = PBXFileReference; lastKnownFileType = text.plist.entitlements; path = PickleTourLive.entitlements; sourceTree = "<group>"; };
		00200000000000000000000B /* PrivacyInfo.xcprivacy */ = {isa = PBXFileReference; lastKnownFileType = text.plist.xml; path = PrivacyInfo.xcprivacy; sourceTree = "<group>"; };
		00200000000000000000000C /* MatchLiveActivityAttributes.swift */ = {isa = PBXFileReference; lastKnownFileType = sourcecode.swift; path = MatchLiveActivityAttributes.swift; sourceTree = "<group>"; };
		00200000000000000000000D /* PickleTourLiveActivity.appex */ = {isa = PBXFileReference; explicitFileType = "wrapper.app-extension"; includeInIndex = 0; path = PickleTourLiveActivity.appex; sourceTree = BUILT_PRODUCTS_DIR; };
		00200000000000000000000E /* PickleTourLiveActivityBundle.swift */ = {isa = PBXFileReference; lastKnownFileType = sourcecode.swift; path = PickleTourLiveActivityBundle.swift; sourceTree = "<group>"; };
		00200000000000000000000F /* Info.plist */ = {isa = PBXFileReference; lastKnownFileType = text.plist.xml; path = Info.plist; sourceTree = "<group>"; };
		002000000000000000000010 /* FirebaseBootstrapper.h */ = {isa = PBXFileReference; lastKnownFileType = sourcecode.c.h; path = FirebaseBootstrapper.h; sourceTree = "<group>"; };
		002000000000000000000011 /* FirebaseBootstrapper.m */ = {isa = PBXFileReference; lastKnownFileType = sourcecode.c.objc; path = FirebaseBootstrapper.m; sourceTree = "<group>"; };
		002000000000000000000012 /* PickleTourLive-Bridging-Header.h */ = {isa = PBXFileReference; lastKnownFileType = sourcecode.c.h; path = "PickleTourLive-Bridging-Header.h"; sourceTree = "<group>"; };
		1988DDE2B942ED3C59B0CFEA /* Pods-PickleTourLive.debug.xcconfig */ = {isa = PBXFileReference; includeInIndex = 1; lastKnownFileType = text.xcconfig; name = "Pods-PickleTourLive.debug.xcconfig"; path = "Target Support Files/Pods-PickleTourLive/Pods-PickleTourLive.debug.xcconfig"; sourceTree = "<group>"; };
		89A6BCA0D87D3AE6B5484D16 /* Pods_PickleTourLive.framework */ = {isa = PBXFileReference; explicitFileType = wrapper.framework; includeInIndex = 0; path = Pods_PickleTourLive.framework; sourceTree = BUILT_PRODUCTS_DIR; };
		F25C79DA6A87439C199DF9BD /* Pods-PickleTourLive.release.xcconfig */ = {isa = PBXFileReference; includeInIndex = 1; lastKnownFileType = text.xcconfig; name = "Pods-PickleTourLive.release.xcconfig"; path = "Target Support Files/Pods-PickleTourLive/Pods-PickleTourLive.release.xcconfig"; sourceTree = "<group>"; };
/* End PBXFileReference section */

/* Begin PBXFrameworksBuildPhase section */
		003000000000000000000001 /* Frameworks */ = {
			isa = PBXFrameworksBuildPhase;
			buildActionMask = 2147483647;
			files = (
				8DF893355118019665FA940E /* Pods_PickleTourLive.framework in Frameworks */,
			);
			runOnlyForDeploymentPostprocessing = 0;
		};
		003000000000000000000002 /* Frameworks */ = {
			isa = PBXFrameworksBuildPhase;
			buildActionMask = 2147483647;
			files = (
			);
			runOnlyForDeploymentPostprocessing = 0;
		};
/* End PBXFrameworksBuildPhase section */

/* Begin PBXGroup section */
		004000000000000000000001 = {
			isa = PBXGroup;
			children = (
				004000000000000000000002 /* PickleTourLive */,
				004000000000000000000004 /* PickleTourLiveActivity */,
				004000000000000000000003 /* Products */,
				AEB98B85468AC220C65F1D5B /* Pods */,
				D3269DD0FD55337480E3D10B /* Frameworks */,
			);
			sourceTree = "<group>";
		};
		004000000000000000000002 /* PickleTourLive */ = {
			isa = PBXGroup;
			children = (
				002000000000000000000001 /* PickleTourLiveApp.swift */,
				002000000000000000000010 /* FirebaseBootstrapper.h */,
				002000000000000000000011 /* FirebaseBootstrapper.m */,
				002000000000000000000012 /* PickleTourLive-Bridging-Header.h */,
				002000000000000000000002 /* LiveModels.swift */,
				002000000000000000000003 /* LiveAppAPI.swift */,
				002000000000000000000004 /* LiveSockets.swift */,
				002000000000000000000005 /* LiveStreamingService.swift */,
				002000000000000000000006 /* LiveAppStore.swift */,
				002000000000000000000007 /* LiveAppRootView.swift */,
				002000000000000000000008 /* Assets.xcassets */,
				00200000000000000000000C /* MatchLiveActivityAttributes.swift */,
				002000000000000000000009 /* Info.plist */,
				00200000000000000000000A /* PickleTourLive.entitlements */,
				00200000000000000000000B /* PrivacyInfo.xcprivacy */,
			);
			path = PickleTourLive;
			sourceTree = "<group>";
		};
		004000000000000000000003 /* Products */ = {
			isa = PBXGroup;
			children = (
				002000000000000000000000 /* PickleTourLive.app */,
				00200000000000000000000D /* PickleTourLiveActivity.appex */,
			);
			name = Products;
			sourceTree = "<group>";
		};
		004000000000000000000004 /* PickleTourLiveActivity */ = {
			isa = PBXGroup;
			children = (
				00200000000000000000000E /* PickleTourLiveActivityBundle.swift */,
				00200000000000000000000F /* Info.plist */,
			);
			path = PickleTourLiveActivity;
			sourceTree = "<group>";
		};
		AEB98B85468AC220C65F1D5B /* Pods */ = {
			isa = PBXGroup;
			children = (
				1988DDE2B942ED3C59B0CFEA /* Pods-PickleTourLive.debug.xcconfig */,
				F25C79DA6A87439C199DF9BD /* Pods-PickleTourLive.release.xcconfig */,
			);
			path = Pods;
			sourceTree = "<group>";
		};
		D3269DD0FD55337480E3D10B /* Frameworks */ = {
			isa = PBXGroup;
			children = (
				89A6BCA0D87D3AE6B5484D16 /* Pods_PickleTourLive.framework */,
			);
			name = Frameworks;
			sourceTree = "<group>";
		};
/* End PBXGroup section */

/* Begin PBXNativeTarget section */
		005000000000000000000001 /* PickleTourLive */ = {
			isa = PBXNativeTarget;
			buildConfigurationList = 008000000000000000000002 /* Build configuration list for PBXNativeTarget "PickleTourLive" */;
			buildPhases = (
				64B70E2A1C39CD529C3D3CC5 /* [CP] Check Pods Manifest.lock */,
				006000000000000000000001 /* Sources */,
				003000000000000000000001 /* Frameworks */,
				007000000000000000000001 /* Resources */,
				00D000000000000000000001 /* Embed App Extensions */,
				61B6243D23AA39DC5891D32A /* [CP] Embed Pods Frameworks */,
				7A8E00000000000000000001 /* Copy Firebase Config */,
				7A8E00000000000000000002 /* Firebase Crashlytics */,
			);
			buildRules = (
			);
			dependencies = (
				00F000000000000000000001 /* PBXTargetDependency */,
			);
			name = PickleTourLive;
			productName = PickleTourLive;
			productReference = 002000000000000000000000 /* PickleTourLive.app */;
			productType = "com.apple.product-type.application";
		};
		005000000000000000000002 /* PickleTourLiveActivity */ = {
			isa = PBXNativeTarget;
			buildConfigurationList = 008000000000000000000003 /* Build configuration list for PBXNativeTarget "PickleTourLiveActivity" */;
			buildPhases = (
				006000000000000000000002 /* Sources */,
				003000000000000000000002 /* Frameworks */,
				007000000000000000000002 /* Resources */,
			);
			buildRules = (
			);
			dependencies = (
			);
			name = PickleTourLiveActivity;
			productName = PickleTourLiveActivity;
			productReference = 00200000000000000000000D /* PickleTourLiveActivity.appex */;
			productType = "com.apple.product-type.app-extension";
		};
/* End PBXNativeTarget section */

/* Begin PBXProject section */
		009000000000000000000001 /* Project object */ = {
			isa = PBXProject;
			attributes = {
				LastUpgradeCheck = 1500;
				ORGANIZATIONNAME = PickleTour;
				TargetAttributes = {
					005000000000000000000001 = {
						CreatedOnToolsVersion = 15.0;
						ProvisioningStyle = Automatic;
					};
					005000000000000000000002 = {
						CreatedOnToolsVersion = 15.0;
						ProvisioningStyle = Automatic;
					};
				};
			};
			buildConfigurationList = 008000000000000000000001 /* Build configuration list for PBXProject "PickleTourLive" */;
			compatibilityVersion = "Xcode 15.0";
			developmentRegion = en;
			hasScannedForEncodings = 0;
			knownRegions = (
				en,
				Base,
			);
			mainGroup = 004000000000000000000001;
			productRefGroup = 004000000000000000000003 /* Products */;
			projectDirPath = "";
			projectRoot = "";
			targets = (
				005000000000000000000001 /* PickleTourLive */,
				005000000000000000000002 /* PickleTourLiveActivity */,
			);
		};
/* End PBXProject section */

/* Begin PBXResourcesBuildPhase section */
		007000000000000000000001 /* Resources */ = {
			isa = PBXResourcesBuildPhase;
			buildActionMask = 2147483647;
			files = (
				001000000000000000000008 /* Assets.xcassets in Resources */,
				001000000000000000000009 /* PrivacyInfo.xcprivacy in Resources */,
			);
			runOnlyForDeploymentPostprocessing = 0;
		};
		007000000000000000000002 /* Resources */ = {
			isa = PBXResourcesBuildPhase;
			buildActionMask = 2147483647;
			files = (
			);
			runOnlyForDeploymentPostprocessing = 0;
		};
/* End PBXResourcesBuildPhase section */

/* Begin PBXShellScriptBuildPhase section */
		61B6243D23AA39DC5891D32A /* [CP] Embed Pods Frameworks */ = {
			isa = PBXShellScriptBuildPhase;
			buildActionMask = 2147483647;
			files = (
			);
			inputFileListPaths = (
				"${PODS_ROOT}/Target Support Files/Pods-PickleTourLive/Pods-PickleTourLive-frameworks-${CONFIGURATION}-input-files.xcfilelist",
			);
			inputPaths = (
			);
			name = "[CP] Embed Pods Frameworks";
			outputFileListPaths = (
				"${PODS_ROOT}/Target Support Files/Pods-PickleTourLive/Pods-PickleTourLive-frameworks-${CONFIGURATION}-output-files.xcfilelist",
			);
			outputPaths = (
			);
			runOnlyForDeploymentPostprocessing = 0;
			shellPath = /bin/sh;
			shellScript = "\"${PODS_ROOT}/Target Support Files/Pods-PickleTourLive/Pods-PickleTourLive-frameworks.sh\"\n";
			showEnvVarsInLog = 0;
		};
		64B70E2A1C39CD529C3D3CC5 /* [CP] Check Pods Manifest.lock */ = {
			isa = PBXShellScriptBuildPhase;
			buildActionMask = 2147483647;
			files = (
			);
			inputFileListPaths = (
			);
			inputPaths = (
				"${PODS_PODFILE_DIR_PATH}/Podfile.lock",
				"${PODS_ROOT}/Manifest.lock",
			);
			name = "[CP] Check Pods Manifest.lock";
			outputFileListPaths = (
			);
			outputPaths = (
				"$(DERIVED_FILE_DIR)/Pods-PickleTourLive-checkManifestLockResult.txt",
			);
			runOnlyForDeploymentPostprocessing = 0;
			shellPath = /bin/sh;
			shellScript = "diff \"${PODS_PODFILE_DIR_PATH}/Podfile.lock\" \"${PODS_ROOT}/Manifest.lock\" > /dev/null\nif [ $? != 0 ] ; then\n    # print error to STDERR\n    echo \"error: The sandbox is not in sync with the Podfile.lock. Run 'pod install' or update your CocoaPods installation.\" >&2\n    exit 1\nfi\n# This output is used by Xcode 'outputs' to avoid re-running this script phase.\necho \"SUCCESS\" > \"${SCRIPT_OUTPUT_FILE_0}\"\n";
			showEnvVarsInLog = 0;
		};
		7A8E00000000000000000001 /* Copy Firebase Config */ = {
			isa = PBXShellScriptBuildPhase;
			buildActionMask = 2147483647;
			files = (
			);
			inputFileListPaths = (
			);
			inputPaths = (
				"$(PROJECT_DIR)/PickleTourLive/GoogleService-Info.plist",
			);
			name = "Copy Firebase Config";
			outputFileListPaths = (
			);
			outputPaths = (
				"$(TARGET_BUILD_DIR)/$(UNLOCALIZED_RESOURCES_FOLDER_PATH)/GoogleService-Info.plist",
			);
			runOnlyForDeploymentPostprocessing = 0;
			shellPath = /bin/sh;
			shellScript = "\"${PROJECT_DIR}/scripts/copy-firebase-config.sh\"\n";
			showEnvVarsInLog = 0;
		};
		7A8E00000000000000000002 /* Firebase Crashlytics */ = {
			isa = PBXShellScriptBuildPhase;
			buildActionMask = 2147483647;
			files = (
			);
			inputFileListPaths = (
			);
			inputPaths = (
				"${DWARF_DSYM_FOLDER_PATH}/${DWARF_DSYM_FILE_NAME}",
				"${DWARF_DSYM_FOLDER_PATH}/${DWARF_DSYM_FILE_NAME}/Contents/Resources/DWARF/${PRODUCT_NAME}",
				"${DWARF_DSYM_FOLDER_PATH}/${DWARF_DSYM_FILE_NAME}/Contents/Info.plist",
				"$(TARGET_BUILD_DIR)/$(UNLOCALIZED_RESOURCES_FOLDER_PATH)/GoogleService-Info.plist",
				"$(TARGET_BUILD_DIR)/$(EXECUTABLE_PATH)",
			);
			name = "Firebase Crashlytics";
			outputFileListPaths = (
			);
			outputPaths = (
			);
			runOnlyForDeploymentPostprocessing = 0;
			shellPath = /bin/sh;
			shellScript = "\"${PROJECT_DIR}/scripts/run-crashlytics.sh\"\n";
			showEnvVarsInLog = 0;
		};
/* End PBXShellScriptBuildPhase section */

/* Begin PBXSourcesBuildPhase section */
		006000000000000000000001 /* Sources */ = {
			isa = PBXSourcesBuildPhase;
			buildActionMask = 2147483647;
			files = (
				001000000000000000000001 /* PickleTourLiveApp.swift in Sources */,
				00100000000000000000000E /* FirebaseBootstrapper.m in Sources */,
				001000000000000000000002 /* LiveModels.swift in Sources */,
				001000000000000000000003 /* LiveAppAPI.swift in Sources */,
				001000000000000000000004 /* LiveSockets.swift in Sources */,
				001000000000000000000005 /* LiveStreamingService.swift in Sources */,
				001000000000000000000006 /* LiveAppStore.swift in Sources */,
				001000000000000000000007 /* LiveAppRootView.swift in Sources */,
				00100000000000000000000A /* MatchLiveActivityAttributes.swift in Sources */,
			);
			runOnlyForDeploymentPostprocessing = 0;
		};
		006000000000000000000002 /* Sources */ = {
			isa = PBXSourcesBuildPhase;
			buildActionMask = 2147483647;
			files = (
				00100000000000000000000C /* MatchLiveActivityAttributes.swift in Sources */,
				00100000000000000000000D /* PickleTourLiveActivityBundle.swift in Sources */,
			);
			runOnlyForDeploymentPostprocessing = 0;
		};
/* End PBXSourcesBuildPhase section */

/* Begin PBXTargetDependency section */
		00F000000000000000000001 /* PBXTargetDependency */ = {
			isa = PBXTargetDependency;
			target = 005000000000000000000002 /* PickleTourLiveActivity */;
			targetProxy = 00E000000000000000000001 /* PBXContainerItemProxy */;
		};
/* End PBXTargetDependency section */

/* Begin XCBuildConfiguration section */
		00A000000000000000000001 /* Debug */ = {
			isa = XCBuildConfiguration;
			buildSettings = {
				ALWAYS_SEARCH_USER_PATHS = NO;
				CLANG_ENABLE_MODULES = YES;
				CURRENT_PROJECT_VERSION = 1;
				ENABLE_BITCODE = NO;
				GCC_C_LANGUAGE_STANDARD = gnu17;
				IPHONEOS_DEPLOYMENT_TARGET = 15.1;
				MARKETING_VERSION = 1.0;
				SDKROOT = iphoneos;
				SUPPORTED_PLATFORMS = "iphoneos iphonesimulator";
				SWIFT_VERSION = 5.0;
				TARGETED_DEVICE_FAMILY = "1,2";
			};
			name = Debug;
		};
		00A000000000000000000002 /* Release */ = {
			isa = XCBuildConfiguration;
			buildSettings = {
				ALWAYS_SEARCH_USER_PATHS = NO;
				CLANG_ENABLE_MODULES = YES;
				CURRENT_PROJECT_VERSION = 1;
				ENABLE_BITCODE = NO;
				GCC_C_LANGUAGE_STANDARD = gnu17;
				IPHONEOS_DEPLOYMENT_TARGET = 15.1;
				MARKETING_VERSION = 1.0;
				SDKROOT = iphoneos;
				SUPPORTED_PLATFORMS = "iphoneos iphonesimulator";
				SWIFT_COMPILATION_MODE = wholemodule;
				SWIFT_VERSION = 5.0;
				TARGETED_DEVICE_FAMILY = "1,2";
			};
			name = Release;
		};
		00B000000000000000000001 /* Debug */ = {
			isa = XCBuildConfiguration;
			baseConfigurationReference = 1988DDE2B942ED3C59B0CFEA /* Pods-PickleTourLive.debug.xcconfig */;
			buildSettings = {
				ASSETCATALOG_COMPILER_APPICON_NAME = AppIcon;
				CODE_SIGN_ENTITLEMENTS = PickleTourLive/PickleTourLive.entitlements;
				CODE_SIGN_STYLE = Automatic;
				CURRENT_PROJECT_VERSION = 1;
				DEBUG_INFORMATION_FORMAT = "dwarf-with-dsym";
				DEVELOPMENT_TEAM = W3TSSGANBM;
				ENABLE_BITCODE = NO;
				GENERATE_INFOPLIST_FILE = NO;
				INFOPLIST_FILE = PickleTourLive/Info.plist;
				IPHONEOS_DEPLOYMENT_TARGET = 15.1;
				LD_RUNPATH_SEARCH_PATHS = (
					"$(inherited)",
					"@executable_path/Frameworks",
				);
				MARKETING_VERSION = 1.0;
				OTHER_LDFLAGS = (
					"$(inherited)",
					"-ObjC",
				);
				PRODUCT_BUNDLE_IDENTIFIER = com.pkt.pickletour.live;
				PRODUCT_NAME = "$(TARGET_NAME)";
				SDKROOT = iphoneos;
				SWIFT_EMIT_LOC_STRINGS = YES;
				SWIFT_OBJC_BRIDGING_HEADER = "PickleTourLive/PickleTourLive-Bridging-Header.h";
				SWIFT_VERSION = 5.0;
				TARGETED_DEVICE_FAMILY = "1,2";
			};
			name = Debug;
		};
		00B000000000000000000002 /* Release */ = {
			isa = XCBuildConfiguration;
			baseConfigurationReference = F25C79DA6A87439C199DF9BD /* Pods-PickleTourLive.release.xcconfig */;
			buildSettings = {
				ASSETCATALOG_COMPILER_APPICON_NAME = AppIcon;
				CODE_SIGN_ENTITLEMENTS = PickleTourLive/PickleTourLive.entitlements;
				CODE_SIGN_STYLE = Automatic;
				CURRENT_PROJECT_VERSION = 1;
				DEBUG_INFORMATION_FORMAT = "dwarf-with-dsym";
				DEVELOPMENT_TEAM = W3TSSGANBM;
				ENABLE_BITCODE = NO;
				GENERATE_INFOPLIST_FILE = NO;
				INFOPLIST_FILE = PickleTourLive/Info.plist;
				IPHONEOS_DEPLOYMENT_TARGET = 15.1;
				LD_RUNPATH_SEARCH_PATHS = (
					"$(inherited)",
					"@executable_path/Frameworks",
				);
				MARKETING_VERSION = 1.0;
				OTHER_LDFLAGS = (
					"$(inherited)",
					"-ObjC",
				);
				PRODUCT_BUNDLE_IDENTIFIER = com.pkt.pickletour.live;
				PRODUCT_NAME = "$(TARGET_NAME)";
				SDKROOT = iphoneos;
				SWIFT_EMIT_LOC_STRINGS = YES;
				SWIFT_OBJC_BRIDGING_HEADER = "PickleTourLive/PickleTourLive-Bridging-Header.h";
				SWIFT_VERSION = 5.0;
				TARGETED_DEVICE_FAMILY = "1,2";
			};
			name = Release;
		};
		00B000000000000000000003 /* Debug */ = {
			isa = XCBuildConfiguration;
			buildSettings = {
				APPLICATION_EXTENSION_API_ONLY = YES;
				CODE_SIGN_STYLE = Automatic;
				CURRENT_PROJECT_VERSION = 1;
				DEVELOPMENT_TEAM = W3TSSGANBM;
				GENERATE_INFOPLIST_FILE = NO;
				INFOPLIST_FILE = PickleTourLiveActivity/Info.plist;
				IPHONEOS_DEPLOYMENT_TARGET = 16.1;
				LD_RUNPATH_SEARCH_PATHS = (
					"$(inherited)",
					"@executable_path/Frameworks",
					"@executable_path/../../Frameworks",
				);
				MARKETING_VERSION = 1.0;
				PRODUCT_BUNDLE_IDENTIFIER = com.pkt.pickletour.live.activity;
				PRODUCT_NAME = "$(TARGET_NAME)";
				SDKROOT = iphoneos;
				SKIP_INSTALL = YES;
				SWIFT_EMIT_LOC_STRINGS = YES;
				SWIFT_VERSION = 5.0;
				TARGETED_DEVICE_FAMILY = "1,2";
			};
			name = Debug;
		};
		00B000000000000000000004 /* Release */ = {
			isa = XCBuildConfiguration;
			buildSettings = {
				APPLICATION_EXTENSION_API_ONLY = YES;
				CODE_SIGN_STYLE = Automatic;
				CURRENT_PROJECT_VERSION = 1;
				DEVELOPMENT_TEAM = W3TSSGANBM;
				GENERATE_INFOPLIST_FILE = NO;
				INFOPLIST_FILE = PickleTourLiveActivity/Info.plist;
				IPHONEOS_DEPLOYMENT_TARGET = 16.1;
				LD_RUNPATH_SEARCH_PATHS = (
					"$(inherited)",
					"@executable_path/Frameworks",
					"@executable_path/../../Frameworks",
				);
				MARKETING_VERSION = 1.0;
				PRODUCT_BUNDLE_IDENTIFIER = com.pkt.pickletour.live.activity;
				PRODUCT_NAME = "$(TARGET_NAME)";
				SDKROOT = iphoneos;
				SKIP_INSTALL = YES;
				SWIFT_COMPILATION_MODE = wholemodule;
				SWIFT_EMIT_LOC_STRINGS = YES;
				SWIFT_VERSION = 5.0;
				TARGETED_DEVICE_FAMILY = "1,2";
			};
			name = Release;
		};
/* End XCBuildConfiguration section */

/* Begin XCConfigurationList section */
		008000000000000000000001 /* Build configuration list for PBXProject "PickleTourLive" */ = {
			isa = XCConfigurationList;
			buildConfigurations = (
				00A000000000000000000001 /* Debug */,
				00A000000000000000000002 /* Release */,
			);
			defaultConfigurationIsVisible = 0;
			defaultConfigurationName = Release;
		};
		008000000000000000000002 /* Build configuration list for PBXNativeTarget "PickleTourLive" */ = {
			isa = XCConfigurationList;
			buildConfigurations = (
				00B000000000000000000001 /* Debug */,
				00B000000000000000000002 /* Release */,
			);
			defaultConfigurationIsVisible = 0;
			defaultConfigurationName = Release;
		};
		008000000000000000000003 /* Build configuration list for PBXNativeTarget "PickleTourLiveActivity" */ = {
			isa = XCConfigurationList;
			buildConfigurations = (
				00B000000000000000000003 /* Debug */,
				00B000000000000000000004 /* Release */,
			);
			defaultConfigurationIsVisible = 0;
			defaultConfigurationName = Release;
		};
/* End XCConfigurationList section */
	};
	rootObject = 009000000000000000000001 /* Project object */;
}
