PODS:
  - AppAuth (1.7.6):
    - AppAuth/Core (= 1.7.6)
    - AppAuth/ExternalUserAgent (= 1.7.6)
  - AppAuth/Core (1.7.6)
  - AppAuth/ExternalUserAgent (1.7.6):
    - AppAuth/Core
  - HaishinKit (1.9.9):
    - Logboard (~> 2.5.0)
  - Logboard (2.5.0)
  - Socket.IO-Client-Swift (16.1.1):
    - Starscream (~> 4.0.8)
  - Starscream (4.0.8)

DEPENDENCIES:
  - AppAuth (~> 1.7)
  - HaishinKit (~> 1.6)
  - Socket.IO-Client-Swift (~> 16.1)

SPEC REPOS:
  trunk:
    - AppAuth
    - HaishinKit
    - Logboard
    - Socket.IO-Client-Swift
    - Starscream

SPEC CHECKSUMS:
  AppAuth: d4f13a8fe0baf391b2108511793e4b479691fb73
  HaishinKit: 3995d63c0bf8795dcc4d7db1e490270899bc3a03
  Logboard: 4674a3d86681539a0ad1fca528d888b90871e268
  Socket.IO-Client-Swift: 3614bea82ba005df1c2ff01154f4004993e05ad7
  Starscream: 19b5533ddb925208db698f0ac508a100b884a1b9

PODFILE CHECKSUM: 9b2e0cce15e58eea7b47eab87c45e100521de558

COCOAPODS: 1.16.2
